dependencies:
- name: postgresql
  repository: https://raw.githubusercontent.com/bitnami/charts/archive-full-index/bitnami
  version: 12.1.9
- name: rabbitmq
  repository: https://raw.githubusercontent.com/bitnami/charts/archive-full-index/bitnami
  version: 11.4.0
- name: keycloak
  repository: https://raw.githubusercontent.com/bitnami/charts/archive-full-index/bitnami
  version: 12.3.0
- name: kube-prometheus-stack
  repository: https://prometheus-community.github.io/helm-charts
  version: 44.1.0
- name: loki-stack
  repository: https://grafana.github.io/helm-charts
  version: 2.8.9
digest: sha256:dd9f165db3a47d9427d504d541610172ca2b12c7d3fd53739f6dd085187464e8
generated: "2023-01-16T14:00:17.456556352+01:00"
