dependencies:
- name: semantic-search-indexer
  repository: https://charts.leftshift.one
  version: 1.0.0
- name: semantic-search-searcher
  repository: https://charts.leftshift.one
  version: 1.0.0
- name: eck-operator
  repository: https://helm.elastic.co
  version: 2.4.0
- name: prometheus-elasticsearch-exporter
  repository: https://prometheus-community.github.io/helm-charts
  version: 4.13.0
- name: minio
  repository: https://charts.min.io
  version: 4.0.8
digest: sha256:00f8ebd85f5362822ec043872c42a4cfa457c0c0fe680abb4b01c313bc84e584
generated: "2022-08-30T15:48:47.467505927Z"
