dependencies:
- name: semantic-search-indexer
  repository: https://charts.leftshift.one
  version: 1.4.0
- name: semantic-search-searcher
  repository: https://charts.leftshift.one
  version: 1.4.0
- name: eck-operator
  repository: https://helm.elastic.co
  version: 2.5.0
- name: prometheus-elasticsearch-exporter
  repository: https://prometheus-community.github.io/helm-charts
  version: 5.0.0
- name: minio
  repository: https://raw.githubusercontent.com/bitnami/charts/archive-full-index/bitnami
  version: 11.10.21
digest: sha256:0657db7a8df27f99abb4e1aa3310e48f66b14f72cfdc8bc95588792808dfae6c
generated: "2023-05-10T18:55:37.482948788Z"
