dependencies:
- name: semantic-search-indexer
  repository: https://charts.leftshift.one
  version: 1.1.5
- name: semantic-search-searcher
  repository: https://charts.leftshift.one
  version: 1.1.5
- name: eck-operator
  repository: https://helm.elastic.co
  version: 2.5.0
- name: prometheus-elasticsearch-exporter
  repository: https://prometheus-community.github.io/helm-charts
  version: 5.0.0
- name: minio
  repository: https://raw.githubusercontent.com/bitnami/charts/archive-full-index/bitnami
  version: 11.10.21
digest: sha256:d4a14e98b75fef613de244e273ddd7397fd7c49bf4cb1f4289109513fb4de3d8
generated: "2022-12-07T17:42:22.310537425Z"
